
Microsoft Visual Studio Solution File, Format Version 12.00
# Visual Studio Version 17
VisualStudioVersion = 17.3.32804.467
MinimumVisualStudioVersion = 10.0.40219.1
Project("{FAE04EC0-301F-11D3-BF4B-00C04F79EFBC}") = "BlazorHjemmeside-H1-SQL", "BlazorHjemmeside-H1-SQL.csproj", "{467365E6-6EA1-4A9E-A762-F5BA250A6364}"
EndProject
Global
	GlobalSection(SolutionConfigurationPlatforms) = preSolution
		Debug|Any CPU = Debug|Any CPU
		Release|Any CPU = Release|Any CPU
	EndGlobalSection
	GlobalSection(ProjectConfigurationPlatforms) = postSolution
		{467365E6-6EA1-4A9E-A762-F5BA250A6364}.Debug|Any CPU.ActiveCfg = Debug|Any CPU
		{467365E6-6EA1-4A9E-A762-F5BA250A6364}.Debug|Any CPU.Build.0 = Debug|Any CPU
		{467365E6-6EA1-4A9E-A762-F5BA250A6364}.Release|Any CPU.ActiveCfg = Release|Any CPU
		{467365E6-6EA1-4A9E-A762-F5BA250A6364}.Release|Any CPU.Build.0 = Release|Any CPU
	EndGlobalSection
	GlobalSection(SolutionProperties) = preSolution
		HideSolutionNode = FALSE
	EndGlobalSection
	GlobalSection(ExtensibilityGlobals) = postSolution
		SolutionGuid = {826B4B58-9EE9-43D2-895B-B2830C789619}
	EndGlobalSection
EndGlobal
